{
  "name": "fx",
  "version": "1.0.0",
  "lockfileVersion": 1,
  "dependencies": {
    "kaleidoscopejs": {
      "version": "https://registry.npmjs.org/kaleidoscopejs/-/kaleidoscopejs-1.0.11.tgz",
      "integrity": "sha1-/nmHk2qLKechvS0Iv/F8Gu/v75M="
    },
    "threejs360": {
      "version": "https://registry.npmjs.org/threejs360/-/threejs360-1.0.3.tgz",
      "integrity": "sha1-s3kVeQSYp77117qkgtQ3uVDcwkw="
    }
  }
}
